
Microsoft Visual Studio Solution File, Format Version 12.00
# Visual Studio 2015
Project("{FAE04EC0-301F-11D3-BF4B-00C04F79EFBC}") = "GorkaMagra_PEC3", "GorkaMagra_PEC3.csproj", "{6195778A-EF07-A5E3-436A-C16B0C4386AF}"
EndProject
Project("{FAE04EC0-301F-11D3-BF4B-00C04F79EFBC}") = "GorkaMagra_PEC3", "GorkaMagra_PEC3.csproj", "{6195778A-EF07-A5E3-436A-C16B0C4386AF}"
EndProject
Project("{FAE04EC0-301F-11D3-BF4B-00C04F79EFBC}") = "GorkaMagra_PEC3", "GorkaMagra_PEC3.csproj", "{6195778A-EF07-A5E3-436A-C16B0C4386AF}"
EndProject
Project("{FAE04EC0-301F-11D3-BF4B-00C04F79EFBC}") = "GorkaMagra_PEC3.Editor", "GorkaMagra_PEC3.Editor.csproj", "{D56F89A8-0FE8-A8A6-77BA-90B5143D9E28}"
EndProject
Project("{FAE04EC0-301F-11D3-BF4B-00C04F79EFBC}") = "GorkaMagra_PEC3.Editor", "GorkaMagra_PEC3.Editor.csproj", "{D56F89A8-0FE8-A8A6-77BA-90B5143D9E28}"
EndProject
Project("{FAE04EC0-301F-11D3-BF4B-00C04F79EFBC}") = "GorkaMagra_PEC3.Editor", "GorkaMagra_PEC3.Editor.csproj", "{D56F89A8-0FE8-A8A6-77BA-90B5143D9E28}"
EndProject
Global
	GlobalSection(SolutionConfigurationPlatforms) = preSolution
		Debug|Any CPU = Debug|Any CPU
		Release|Any CPU = Release|Any CPU
	EndGlobalSection
	GlobalSection(ProjectConfigurationPlatforms) = postSolution
		{6195778A-EF07-A5E3-436A-C16B0C4386AF}.Debug|Any CPU.ActiveCfg = Debug|Any CPU
		{6195778A-EF07-A5E3-436A-C16B0C4386AF}.Debug|Any CPU.Build.0 = Debug|Any CPU
		{6195778A-EF07-A5E3-436A-C16B0C4386AF}.Release|Any CPU.ActiveCfg = Release|Any CPU
		{6195778A-EF07-A5E3-436A-C16B0C4386AF}.Release|Any CPU.Build.0 = Release|Any CPU
		{6195778A-EF07-A5E3-436A-C16B0C4386AF}.Debug|Any CPU.ActiveCfg = Debug|Any CPU
		{6195778A-EF07-A5E3-436A-C16B0C4386AF}.Debug|Any CPU.Build.0 = Debug|Any CPU
		{6195778A-EF07-A5E3-436A-C16B0C4386AF}.Release|Any CPU.ActiveCfg = Release|Any CPU
		{6195778A-EF07-A5E3-436A-C16B0C4386AF}.Release|Any CPU.Build.0 = Release|Any CPU
		{6195778A-EF07-A5E3-436A-C16B0C4386AF}.Debug|Any CPU.ActiveCfg = Debug|Any CPU
		{6195778A-EF07-A5E3-436A-C16B0C4386AF}.Debug|Any CPU.Build.0 = Debug|Any CPU
		{6195778A-EF07-A5E3-436A-C16B0C4386AF}.Release|Any CPU.ActiveCfg = Release|Any CPU
		{6195778A-EF07-A5E3-436A-C16B0C4386AF}.Release|Any CPU.Build.0 = Release|Any CPU
		{D56F89A8-0FE8-A8A6-77BA-90B5143D9E28}.Debug|Any CPU.ActiveCfg = Debug|Any CPU
		{D56F89A8-0FE8-A8A6-77BA-90B5143D9E28}.Debug|Any CPU.Build.0 = Debug|Any CPU
		{D56F89A8-0FE8-A8A6-77BA-90B5143D9E28}.Release|Any CPU.ActiveCfg = Release|Any CPU
		{D56F89A8-0FE8-A8A6-77BA-90B5143D9E28}.Release|Any CPU.Build.0 = Release|Any CPU
		{D56F89A8-0FE8-A8A6-77BA-90B5143D9E28}.Debug|Any CPU.ActiveCfg = Debug|Any CPU
		{D56F89A8-0FE8-A8A6-77BA-90B5143D9E28}.Debug|Any CPU.Build.0 = Debug|Any CPU
		{D56F89A8-0FE8-A8A6-77BA-90B5143D9E28}.Release|Any CPU.ActiveCfg = Release|Any CPU
		{D56F89A8-0FE8-A8A6-77BA-90B5143D9E28}.Release|Any CPU.Build.0 = Release|Any CPU
		{D56F89A8-0FE8-A8A6-77BA-90B5143D9E28}.Debug|Any CPU.ActiveCfg = Debug|Any CPU
		{D56F89A8-0FE8-A8A6-77BA-90B5143D9E28}.Debug|Any CPU.Build.0 = Debug|Any CPU
		{D56F89A8-0FE8-A8A6-77BA-90B5143D9E28}.Release|Any CPU.ActiveCfg = Release|Any CPU
		{D56F89A8-0FE8-A8A6-77BA-90B5143D9E28}.Release|Any CPU.Build.0 = Release|Any CPU
	EndGlobalSection
	GlobalSection(SolutionProperties) = preSolution
		HideSolutionNode = FALSE
	EndGlobalSection
EndGlobal
